version = 1
revision = 2
requires-python = "==3.10.*"
resolution-markers = [
    "platform_machine == 'ARM64' and sys_platform == 'win32'",
    "platform_machine != 'ARM64' or sys_platform != 'win32'",
]

[[package]]
name = "certifi"
version = "2026.2.25"
source = { registry = "https://mirrors.aliyun.com/pypi/simple" }
sdist = { url = "https://mirrors.aliyun.com/pypi/packages/af/2d/7bf41579a8986e348fa033a31cdd0e4121114f6bce2457e8876010b092dd/certifi-2026.2.25.tar.gz", hash = "sha256:e887ab5cee78ea814d3472169153c2d12cd43b14bd03329a39a9c6e2e80bfba7" }
wheels = [
    { url = "https://mirrors.aliyun.com/pypi/packages/9a/3c/c17fb3ca2d9c3acff52e30b309f538586f9f5b9c9cf454f3845fc9af4881/certifi-2026.2.25-py3-none-any.whl", hash = "sha256:027692e4402ad994f1c42e52a4997a9763c646b73e4096e4d5d6db8af1d6f0fa" },
]

[[package]]
name = "cftime"
version = "1.6.5"
source = { registry = "https://mirrors.aliyun.com/pypi/simple" }
dependencies = [
    { name = "numpy" },
]
sdist = { url = "https://mirrors.aliyun.com/pypi/packages/65/dc/470ffebac2eb8c54151eb893055024fe81b1606e7c6ff8449a588e9cd17f/cftime-1.6.5.tar.gz", hash = "sha256:8225fed6b9b43fb87683ebab52130450fc1730011150d3092096a90e54d1e81e" }
wheels = [
    { url = "https://mirrors.aliyun.com/pypi/packages/78/45/dcc38d7b293107d3e33b3d94b2619687eb414a4f16880e2e841cdb6ac49a/cftime-1.6.5-cp310-cp310-macosx_10_9_x86_64.whl", hash = "sha256:8ad81e8cb0eb873b33c3d1e22c6168163fdc64daa8f7aeb4da8092f272575f4d" },
    { url = "https://mirrors.aliyun.com/pypi/packages/68/63/2875341516fcfe80f1a16f86b420aec9441223ab5381d554441c9fdae56e/cftime-1.6.5-cp310-cp310-macosx_11_0_arm64.whl", hash = "sha256:12d95c6af852114a13301c5a61e41afdbd1542e72939c1083796f8418b9b8b0e" },
    { url = "https://mirrors.aliyun.com/pypi/packages/80/7f/85f2c4c7ae8300b7871af7d7d144ad06f71dc0dd6258f0d18fd966067d1b/cftime-1.6.5-cp310-cp310-manylinux2014_aarch64.manylinux_2_17_aarch64.whl", hash = "sha256:2659b7df700e27d9e3671f686ce474dfb5fc274966961edf996acc148dfa094a" },
    { url = "https://mirrors.aliyun.com/pypi/packages/6c/9a/72dbd72498e958edf41a770bbd05e68141774325a945092059f4eb9c653d/cftime-1.6.5-cp310-cp310-manylinux2014_x86_64.manylinux_2_17_x86_64.whl", hash = "sha256:94cebdfcda6a985b8e69aed22d00d6b8aa1f421495adbdcff1d59b3e896d81e2" },
    { url = "https://mirrors.aliyun.com/pypi/packages/bc/9e/2c4c720ad8bbe87994ca62a0e3c09d3786b984af664a91a6f3a668aa0b13/cftime-1.6.5-cp310-cp310-musllinux_1_2_x86_64.whl", hash = "sha256:179681b023349a2fe277ceccc89d4fc52c0dd105cb59b7187b5bc5d442875133" },
    { url = "https://mirrors.aliyun.com/pypi/packages/da/77/66484061dee5fbcb2fdcfa6a491d4efb880725117f4a339d20a5323105df/cftime-1.6.5-cp310-cp310-win_amd64.whl", hash = "sha256:d8b9fdecb466879cfe8ca4472b229b6f8d0bb65e4ffd44266ae17484bac2cf38" },
]

[[package]]
name = "joblib"
version = "1.5.1"
source = { registry = "https://mirrors.aliyun.com/pypi/simple" }
sdist = { url = "https://mirrors.aliyun.com/pypi/packages/dc/fe/0f5a938c54105553436dbff7a61dc4fed4b1b2c98852f8833beaf4d5968f/joblib-1.5.1.tar.gz", hash = "sha256:f4f86e351f39fe3d0d32a9f2c3d8af1ee4cec285aafcb27003dda5205576b444" }
wheels = [
    { url = "https://mirrors.aliyun.com/pypi/packages/7d/4f/1195bbac8e0c2acc5f740661631d8d750dc38d4a32b23ee5df3cde6f4e0d/joblib-1.5.1-py3-none-any.whl", hash = "sha256:4719a31f054c7d766948dcd83e9613686b27114f190f717cec7eaa2084f8a74a" },
]

[[package]]
name = "markdown-it-py"
version = "4.0.0"
source = { registry = "https://mirrors.aliyun.com/pypi/simple" }
dependencies = [
    { name = "mdurl" },
]
sdist = { url = "https://mirrors.aliyun.com/pypi/packages/5b/f5/4ec618ed16cc4f8fb3b701563655a69816155e79e24a17b651541804721d/markdown_it_py-4.0.0.tar.gz", hash = "sha256:cb0a2b4aa34f932c007117b194e945bd74e0ec24133ceb5bac59009cda1cb9f3" }
wheels = [
    { url = "https://mirrors.aliyun.com/pypi/packages/94/54/e7d793b573f298e1c9013b8c4dade17d481164aa517d1d7148619c2cedbf/markdown_it_py-4.0.0-py3-none-any.whl", hash = "sha256:87327c59b172c5011896038353a81343b6754500a08cd7a4973bb48c6d578147" },
]

[[package]]
name = "mdurl"
version = "0.1.2"
source = { registry = "https://mirrors.aliyun.com/pypi/simple" }
sdist = { url = "https://mirrors.aliyun.com/pypi/packages/d6/54/cfe61301667036ec958cb99bd3efefba235e65cdeb9c84d24a8293ba1d90/mdurl-0.1.2.tar.gz", hash = "sha256:bb413d29f5eea38f31dd4754dd7377d4465116fb207585f97bf925588687c1ba" }
wheels = [
    { url = "https://mirrors.aliyun.com/pypi/packages/b3/38/89ba8ad64ae25be8de66a6d463314cf1eb366222074cfda9ee839c56a4b4/mdurl-0.1.2-py3-none-any.whl", hash = "sha256:84008a41e51615a49fc9966191ff91509e3c40b939176e643fd50a5c2196b8f8" },
]

[[package]]
name = "netcdf4"
version = "1.7.3"
source = { registry = "https://mirrors.aliyun.com/pypi/simple" }
resolution-markers = [
    "platform_machine == 'ARM64' and sys_platform == 'win32'",
]
dependencies = [
    { name = "certifi", marker = "platform_machine == 'ARM64' and sys_platform == 'win32'" },
    { name = "cftime", marker = "platform_machine == 'ARM64' and sys_platform == 'win32'" },
    { name = "numpy", marker = "platform_machine == 'ARM64' and sys_platform == 'win32'" },
]
sdist = { url = "https://mirrors.aliyun.com/pypi/packages/0e/76/7bc801796dee752c1ce9cd6935564a6ee79d5c9d9ef9192f57b156495a35/netcdf4-1.7.3.tar.gz", hash = "sha256:83f122fc3415e92b1d4904fd6a0898468b5404c09432c34beb6b16c533884673" }

[[package]]
name = "netcdf4"
version = "1.7.4"
source = { registry = "https://mirrors.aliyun.com/pypi/simple" }
resolution-markers = [
    "platform_machine != 'ARM64' or sys_platform != 'win32'",
]
dependencies = [
    { name = "certifi", marker = "platform_machine != 'ARM64' or sys_platform != 'win32'" },
    { name = "cftime", marker = "platform_machine != 'ARM64' or sys_platform != 'win32'" },
    { name = "numpy", marker = "platform_machine != 'ARM64' or sys_platform != 'win32'" },
]
sdist = { url = "https://mirrors.aliyun.com/pypi/packages/34/b6/0370bb3af66a12098da06dc5843f3b349b7c83ccbdf7306e7afa6248b533/netcdf4-1.7.4.tar.gz", hash = "sha256:cdbfdc92d6f4d7192ca8506c9b3d4c1d9892969ff28d8e8e1fc97ca08bf12164" }
wheels = [
    { url = "https://mirrors.aliyun.com/pypi/packages/0f/07/dfdd017641e82fadaf4e043d91fa179d34940c7d69175a3034dea877df9c/netcdf4-1.7.4-cp310-cp310-macosx_13_0_x86_64.whl", hash = "sha256:b1c1a7ea3678db76bf33d14f7e202385d634db38c5e70d8cf4895971023eebb9" },
    { url = "https://mirrors.aliyun.com/pypi/packages/a7/6c/8cd98d166f30d378488c5235457d6af7df09f9925ab5ad03d6840543f42e/netcdf4-1.7.4-cp310-cp310-macosx_14_0_arm64.whl", hash = "sha256:d3f9497873454207f9480847d02b1b19a4bc81ad6e9166e1c17d4e2f8f3555d1" },
    { url = "https://mirrors.aliyun.com/pypi/packages/08/1c/ab31713a95160ebc6b4ec495cd4f03f38b235188a7e955bf33703c5039ca/netcdf4-1.7.4-cp310-cp310-manylinux_2_27_aarch64.manylinux_2_28_aarch64.whl", hash = "sha256:c8e18294af803e80f8c0339f791901942e268c334c099bbd5f7ea8325a49801a" },
    { url = "https://mirrors.aliyun.com/pypi/packages/26/d7/bb16993af267acda23fe3de4ead2528cbe49043e391f732a1a4a15beec20/netcdf4-1.7.4-cp310-cp310-manylinux_2_27_x86_64.manylinux_2_28_x86_64.whl", hash = "sha256:0b06c0b93fd0ecc1ec67a582f3ba98b7db9da1fa843c8f83fd75990e3701771e" },
    { url = "https://mirrors.aliyun.com/pypi/packages/9b/a6/e6fca338488a896c5e1f661ba3007e83f46700e1a59552b05013d501bc45/netcdf4-1.7.4-cp310-cp310-win_amd64.whl", hash = "sha256:889ba77f084504aebaba9c6f9a88ac213431fef0e897f887cd35aef351ff7740" },
    { url = "https://mirrors.aliyun.com/pypi/packages/38/de/38ed7e1956943d28e8ea74161e97c3a00fb98d6d08943b4fd21bae32c240/netcdf4-1.7.4-cp311-abi3-macosx_13_0_x86_64.whl", hash = "sha256:dec70e809cc65b04ebe95113ee9c85ba46a51c3a37c058d2b2b0cadc4d3052d8" },
    { url = "https://mirrors.aliyun.com/pypi/packages/e5/70/2f73c133b71709c412bc81d8b721e28dc6237ba9d7dad861b7bfbb70408a/netcdf4-1.7.4-cp311-abi3-macosx_14_0_arm64.whl", hash = "sha256:75cf59100f0775bc4d6b9d4aca7cbabd12e2b8cf3b9a4fb16d810b92743a315a" },
    { url = "https://mirrors.aliyun.com/pypi/packages/77/ce/43a3c0c41a6e2e940d87feea79d29aa88302211ac122604838f8a5a48de6/netcdf4-1.7.4-cp311-abi3-manylinux_2_27_aarch64.manylinux_2_28_aarch64.whl", hash = "sha256:ddfc7e9d261125c74708119440c85ea288b5fee41db676d2ba1ce9be11f96932" },
    { url = "https://mirrors.aliyun.com/pypi/packages/7b/7a/a8d32501bb95ecff342004a674720164f95ad616f269450b3bc13dc88ae3/netcdf4-1.7.4-cp311-abi3-manylinux_2_27_x86_64.manylinux_2_28_x86_64.whl", hash = "sha256:a72c9f58767779ec14cb7451c3b56bdd8fdc027a792fac2062b14e090c5617f3" },
    { url = "https://mirrors.aliyun.com/pypi/packages/18/68/e89b4fa9242e59326c849c39ce0f49eb68499603c639405a8449900a4f15/netcdf4-1.7.4-cp311-abi3-win_amd64.whl", hash = "sha256:9476e1f23161ae5159cd1548c50c8a37922e77d76583e247133f256ef7b825fc" },
    { url = "https://mirrors.aliyun.com/pypi/packages/6c/fc/edd41a3607241027aa4533e7f18e0cd647e74dde10a63274c65350f59967/netcdf4-1.7.4-cp311-abi3-win_arm64.whl", hash = "sha256:876ad9d58f09c98741c066c726164c45a098a58fb90e5fac9e74de4bb8a793fd" },
]

[[package]]
name = "numpy"
version = "2.2.6"
source = { registry = "https://mirrors.aliyun.com/pypi/simple" }
sdist = { url = "https://mirrors.aliyun.com/pypi/packages/76/21/7d2a95e4bba9dc13d043ee156a356c0a8f0c6309dff6b21b4d71a073b8a8/numpy-2.2.6.tar.gz", hash = "sha256:e29554e2bef54a90aa5cc07da6ce955accb83f21ab5de01a62c8478897b264fd" }
wheels = [
    { url = "https://mirrors.aliyun.com/pypi/packages/9a/3e/ed6db5be21ce87955c0cbd3009f2803f59fa08df21b5df06862e2d8e2bdd/numpy-2.2.6-cp310-cp310-macosx_10_9_x86_64.whl", hash = "sha256:b412caa66f72040e6d268491a59f2c43bf03eb6c96dd8f0307829feb7fa2b6fb" },
    { url = "https://mirrors.aliyun.com/pypi/packages/22/c2/4b9221495b2a132cc9d2eb862e21d42a009f5a60e45fc44b00118c174bff/numpy-2.2.6-cp310-cp310-macosx_11_0_arm64.whl", hash = "sha256:8e41fd67c52b86603a91c1a505ebaef50b3314de0213461c7a6e99c9a3beff90" },
    { url = "https://mirrors.aliyun.com/pypi/packages/fd/77/dc2fcfc66943c6410e2bf598062f5959372735ffda175b39906d54f02349/numpy-2.2.6-cp310-cp310-macosx_14_0_arm64.whl", hash = "sha256:37e990a01ae6ec7fe7fa1c26c55ecb672dd98b19c3d0e1d1f326fa13cb38d163" },
    { url = "https://mirrors.aliyun.com/pypi/packages/7a/4f/1cb5fdc353a5f5cc7feb692db9b8ec2c3d6405453f982435efc52561df58/numpy-2.2.6-cp310-cp310-macosx_14_0_x86_64.whl", hash = "sha256:5a6429d4be8ca66d889b7cf70f536a397dc45ba6faeb5f8c5427935d9592e9cf" },
    { url = "https://mirrors.aliyun.com/pypi/packages/eb/17/96a3acd228cec142fcb8723bd3cc39c2a474f7dcf0a5d16731980bcafa95/numpy-2.2.6-cp310-cp310-manylinux_2_17_aarch64.manylinux2014_aarch64.whl", hash = "sha256:efd28d4e9cd7d7a8d39074a4d44c63eda73401580c5c76acda2ce969e0a38e83" },
    { url = "https://mirrors.aliyun.com/pypi/packages/b4/63/3de6a34ad7ad6646ac7d2f55ebc6ad439dbbf9c4370017c50cf403fb19b5/numpy-2.2.6-cp310-cp310-manylinux_2_17_x86_64.manylinux2014_x86_64.whl", hash = "sha256:fc7b73d02efb0e18c000e9ad8b83480dfcd5dfd11065997ed4c6747470ae8915" },
    { url = "https://mirrors.aliyun.com/pypi/packages/07/b6/89d837eddef52b3d0cec5c6ba0456c1bf1b9ef6a6672fc2b7873c3ec4e2e/numpy-2.2.6-cp310-cp310-musllinux_1_2_aarch64.whl", hash = "sha256:74d4531beb257d2c3f4b261bfb0fc09e0f9ebb8842d82a7b4209415896adc680" },
    { url = "https://mirrors.aliyun.com/pypi/packages/01/c8/dc6ae86e3c61cfec1f178e5c9f7858584049b6093f843bca541f94120920/numpy-2.2.6-cp310-cp310-musllinux_1_2_x86_64.whl", hash = "sha256:8fc377d995680230e83241d8a96def29f204b5782f371c532579b4f20607a289" },
    { url = "https://mirrors.aliyun.com/pypi/packages/5b/c5/0064b1b7e7c89137b471ccec1fd2282fceaae0ab3a9550f2568782d80357/numpy-2.2.6-cp310-cp310-win32.whl", hash = "sha256:b093dd74e50a8cba3e873868d9e93a85b78e0daf2e98c6797566ad8044e8363d" },
    { url = "https://mirrors.aliyun.com/pypi/packages/a3/dd/4b822569d6b96c39d1215dbae0582fd99954dcbcf0c1a13c61783feaca3f/numpy-2.2.6-cp310-cp310-win_amd64.whl", hash = "sha256:f0fd6321b839904e15c46e0d257fdd101dd7f530fe03fd6359c1ea63738703f3" },
    { url = "https://mirrors.aliyun.com/pypi/packages/9e/3b/d94a75f4dbf1ef5d321523ecac21ef23a3cd2ac8b78ae2aac40873590229/numpy-2.2.6-pp310-pypy310_pp73-macosx_10_15_x86_64.whl", hash = "sha256:0b605b275d7bd0c640cad4e5d30fa701a8d59302e127e5f79138ad62762c3e3d" },
    { url = "https://mirrors.aliyun.com/pypi/packages/17/f4/09b2fa1b58f0fb4f7c7963a1649c64c4d315752240377ed74d9cd878f7b5/numpy-2.2.6-pp310-pypy310_pp73-macosx_14_0_x86_64.whl", hash = "sha256:7befc596a7dc9da8a337f79802ee8adb30a552a94f792b9c9d18c840055907db" },
    { url = "https://mirrors.aliyun.com/pypi/packages/af/30/feba75f143bdc868a1cc3f44ccfa6c4b9ec522b36458e738cd00f67b573f/numpy-2.2.6-pp310-pypy310_pp73-manylinux_2_17_x86_64.manylinux2014_x86_64.whl", hash = "sha256:ce47521a4754c8f4593837384bd3424880629f718d87c5d44f8ed763edd63543" },
    { url = "https://mirrors.aliyun.com/pypi/packages/37/48/ac2a9584402fb6c0cd5b5d1a91dcf176b15760130dd386bbafdbfe3640bf/numpy-2.2.6-pp310-pypy310_pp73-win_amd64.whl", hash = "sha256:d042d24c90c41b54fd506da306759e06e568864df8ec17ccc17e9e884634fd00" },
]

[[package]]
name = "packaging"
version = "25.0"
source = { registry = "https://mirrors.aliyun.com/pypi/simple" }
sdist = { url = "https://mirrors.aliyun.com/pypi/packages/a1/d4/1fc4078c65507b51b96ca8f8c3ba19e6a61c8253c72794544580a7b6c24d/packaging-25.0.tar.gz", hash = "sha256:d443872c98d677bf60f6a1f2f8c1cb748e8fe762d2bf9d3148b5599295b0fc4f" }
wheels = [
    { url = "https://mirrors.aliyun.com/pypi/packages/20/12/38679034af332785aac8774540895e234f4d07f7545804097de4b666afd8/packaging-25.0-py3-none-any.whl", hash = "sha256:29572ef2b1f17581046b3a2227d5c611fb25ec70ca1ba8554b24b0e69331a484" },
]

[[package]]
name = "pandas"
version = "2.3.1"
source = { registry = "https://mirrors.aliyun.com/pypi/simple" }
dependencies = [
    { name = "numpy" },
    { name = "python-dateutil" },
    { name = "pytz" },
    { name = "tzdata" },
]
sdist = { url = "https://mirrors.aliyun.com/pypi/packages/d1/6f/75aa71f8a14267117adeeed5d21b204770189c0a0025acbdc03c337b28fc/pandas-2.3.1.tar.gz", hash = "sha256:0a95b9ac964fe83ce317827f80304d37388ea77616b1425f0ae41c9d2d0d7bb2" }
wheels = [
    { url = "https://mirrors.aliyun.com/pypi/packages/c4/ca/aa97b47287221fa37a49634532e520300088e290b20d690b21ce3e448143/pandas-2.3.1-cp310-cp310-macosx_10_9_x86_64.whl", hash = "sha256:22c2e866f7209ebc3a8f08d75766566aae02bcc91d196935a1d9e59c7b990ac9" },
    { url = "https://mirrors.aliyun.com/pypi/packages/80/bf/7938dddc5f01e18e573dcfb0f1b8c9357d9b5fa6ffdee6e605b92efbdff2/pandas-2.3.1-cp310-cp310-macosx_11_0_arm64.whl", hash = "sha256:3583d348546201aff730c8c47e49bc159833f971c2899d6097bce68b9112a4f1" },
    { url = "https://mirrors.aliyun.com/pypi/packages/ee/2f/9af748366763b2a494fed477f88051dbf06f56053d5c00eba652697e3f94/pandas-2.3.1-cp310-cp310-manylinux_2_17_aarch64.manylinux2014_aarch64.whl", hash = "sha256:0f951fbb702dacd390561e0ea45cdd8ecfa7fb56935eb3dd78e306c19104b9b0" },
    { url = "https://mirrors.aliyun.com/pypi/packages/2c/95/79ab37aa4c25d1e7df953dde407bb9c3e4ae47d154bc0dd1692f3a6dcf8c/pandas-2.3.1-cp310-cp310-manylinux_2_17_x86_64.manylinux2014_x86_64.whl", hash = "sha256:cd05b72ec02ebfb993569b4931b2e16fbb4d6ad6ce80224a3ee838387d83a191" },
    { url = "https://mirrors.aliyun.com/pypi/packages/75/a7/d65e5d8665c12c3c6ff5edd9709d5836ec9b6f80071b7f4a718c6106e86e/pandas-2.3.1-cp310-cp310-musllinux_1_2_aarch64.whl", hash = "sha256:1b916a627919a247d865aed068eb65eb91a344b13f5b57ab9f610b7716c92de1" },
    { url = "https://mirrors.aliyun.com/pypi/packages/65/f3/4c1dbd754dbaa79dbf8b537800cb2fa1a6e534764fef50ab1f7533226c5c/pandas-2.3.1-cp310-cp310-musllinux_1_2_x86_64.whl", hash = "sha256:fe67dc676818c186d5a3d5425250e40f179c2a89145df477dd82945eaea89e97" },
    { url = "https://mirrors.aliyun.com/pypi/packages/3f/d6/d7f5777162aa9b48ec3910bca5a58c9b5927cfd9cfde3aa64322f5ba4b9f/pandas-2.3.1-cp310-cp310-win_amd64.whl", hash = "sha256:2eb789ae0274672acbd3c575b0598d213345660120a257b47b5dafdc618aec83" },
]

[[package]]
name = "pyarrow"
version = "23.0.1"
source = { registry = "https://mirrors.aliyun.com/pypi/simple" }
sdist = { url = "https://mirrors.aliyun.com/pypi/packages/88/22/134986a4cc224d593c1afde5494d18ff629393d74cc2eddb176669f234a4/pyarrow-23.0.1.tar.gz", hash = "sha256:b8c5873e33440b2bc2f4a79d2b47017a89c5a24116c055625e6f2ee50523f019" }
wheels = [
    { url = "https://mirrors.aliyun.com/pypi/packages/bc/a8/24e5dc6855f50a62936ceb004e6e9645e4219a8065f304145d7fb8a79d5d/pyarrow-23.0.1-cp310-cp310-macosx_12_0_arm64.whl", hash = "sha256:3fab8f82571844eb3c460f90a75583801d14ca0cc32b1acc8c361650e006fd56" },
    { url = "https://mirrors.aliyun.com/pypi/packages/bc/8e/4be5617b4aaae0287f621ad31c6036e5f63118cfca0dc57d42121ff49b51/pyarrow-23.0.1-cp310-cp310-macosx_12_0_x86_64.whl", hash = "sha256:3f91c038b95f71ddfc865f11d5876c42f343b4495535bd262c7b321b0b94507c" },
    { url = "https://mirrors.aliyun.com/pypi/packages/2e/08/3e56a18819462210432ae37d10f5c8eed3828be1d6c751b6e6a2e93c286a/pyarrow-23.0.1-cp310-cp310-manylinux_2_28_aarch64.whl", hash = "sha256:d0744403adabef53c985a7f8a082b502a368510c40d184df349a0a8754533258" },
    { url = "https://mirrors.aliyun.com/pypi/packages/f8/82/c40b68001dbec8a3faa4c08cd8c200798ac732d2854537c5449dc859f55a/pyarrow-23.0.1-cp310-cp310-manylinux_2_28_x86_64.whl", hash = "sha256:c33b5bf406284fd0bba436ed6f6c3ebe8e311722b441d89397c54f871c6863a2" },
    { url = "https://mirrors.aliyun.com/pypi/packages/20/bc/73f611989116b6f53347581b02177f9f620efdf3cd3f405d0e83cdf53a83/pyarrow-23.0.1-cp310-cp310-musllinux_1_2_aarch64.whl", hash = "sha256:ddf743e82f69dcd6dbbcb63628895d7161e04e56794ef80550ac6f3315eeb1d5" },
    { url = "https://mirrors.aliyun.com/pypi/packages/b0/cc/6c6b3ecdae2a8c3aced99956187e8302fc954cc2cca2a37cf2111dad16ce/pyarrow-23.0.1-cp310-cp310-musllinux_1_2_x86_64.whl", hash = "sha256:e052a211c5ac9848ae15d5ec875ed0943c0221e2fcfe69eee80b604b4e703222" },
    { url = "https://mirrors.aliyun.com/pypi/packages/8d/94/d359e708672878d7638a04a0448edf7c707f9e5606cee11e15aaa5c7535a/pyarrow-23.0.1-cp310-cp310-win_amd64.whl", hash = "sha256:5abde149bb3ce524782d838eb67ac095cd3fd6090eba051130589793f1a7f76d" },
]

[[package]]
name = "pygments"
version = "2.19.2"
source = { registry = "https://mirrors.aliyun.com/pypi/simple" }
sdist = { url = "https://mirrors.aliyun.com/pypi/packages/b0/77/a5b8c569bf593b0140bde72ea885a803b82086995367bf2037de0159d924/pygments-2.19.2.tar.gz", hash = "sha256:636cb2477cec7f8952536970bc533bc43743542f70392ae026374600add5b887" }
wheels = [
    { url = "https://mirrors.aliyun.com/pypi/packages/c7/21/705964c7812476f378728bdf590ca4b771ec72385c533964653c68e86bdc/pygments-2.19.2-py3-none-any.whl", hash = "sha256:86540386c03d588bb81d44bc3928634ff26449851e99741617ecb9037ee5ec0b" },
]

[[package]]
name = "python-dateutil"
version = "2.9.0.post0"
source = { registry = "https://mirrors.aliyun.com/pypi/simple" }
dependencies = [
    { name = "six" },
]
sdist = { url = "https://mirrors.aliyun.com/pypi/packages/66/c0/0c8b6ad9f17a802ee498c46e004a0eb49bc148f2fd230864601a86dcf6db/python-dateutil-2.9.0.post0.tar.gz", hash = "sha256:37dd54208da7e1cd875388217d5e00ebd4179249f90fb72437e91a35459a0ad3" }
wheels = [
    { url = "https://mirrors.aliyun.com/pypi/packages/ec/57/56b9bcc3c9c6a792fcbaf139543cee77261f3651ca9da0c93f5c1221264b/python_dateutil-2.9.0.post0-py2.py3-none-any.whl", hash = "sha256:a8b2bc7bffae282281c8140a97d3aa9c14da0b136dfe83f850eea9a5f7470427" },
]

[[package]]
name = "pytz"
version = "2025.2"
source = { registry = "https://mirrors.aliyun.com/pypi/simple" }
sdist = { url = "https://mirrors.aliyun.com/pypi/packages/f8/bf/abbd3cdfb8fbc7fb3d4d38d320f2441b1e7cbe29be4f23797b4a2b5d8aac/pytz-2025.2.tar.gz", hash = "sha256:360b9e3dbb49a209c21ad61809c7fb453643e048b38924c765813546746e81c3" }
wheels = [
    { url = "https://mirrors.aliyun.com/pypi/packages/81/c4/34e93fe5f5429d7570ec1fa436f1986fb1f00c3e0f43a589fe2bbcd22c3f/pytz-2025.2-py2.py3-none-any.whl", hash = "sha256:5ddf76296dd8c44c26eb8f4b6f35488f3ccbf6fbbd7adee0b7262d43f0ec2f00" },
]

[[package]]
name = "rich"
version = "14.2.0"
source = { registry = "https://mirrors.aliyun.com/pypi/simple" }
dependencies = [
    { name = "markdown-it-py" },
    { name = "pygments" },
]
sdist = { url = "https://mirrors.aliyun.com/pypi/packages/fb/d2/8920e102050a0de7bfabeb4c4614a49248cf8d5d7a8d01885fbb24dc767a/rich-14.2.0.tar.gz", hash = "sha256:73ff50c7c0c1c77c8243079283f4edb376f0f6442433aecb8ce7e6d0b92d1fe4" }
wheels = [
    { url = "https://mirrors.aliyun.com/pypi/packages/25/7a/b0178788f8dc6cafce37a212c99565fa1fe7872c70c6c9c1e1a372d9d88f/rich-14.2.0-py3-none-any.whl", hash = "sha256:76bc51fe2e57d2b1be1f96c524b890b816e334ab4c1e45888799bfaab0021edd" },
]

[[package]]
name = "scipy"
version = "1.15.3"
source = { registry = "https://mirrors.aliyun.com/pypi/simple" }
dependencies = [
    { name = "numpy" },
]
sdist = { url = "https://mirrors.aliyun.com/pypi/packages/0f/37/6964b830433e654ec7485e45a00fc9a27cf868d622838f6b6d9c5ec0d532/scipy-1.15.3.tar.gz", hash = "sha256:eae3cf522bc7df64b42cad3925c876e1b0b6c35c1337c93e12c0f366f55b0eaf" }
wheels = [
    { url = "https://mirrors.aliyun.com/pypi/packages/78/2f/4966032c5f8cc7e6a60f1b2e0ad686293b9474b65246b0c642e3ef3badd0/scipy-1.15.3-cp310-cp310-macosx_10_13_x86_64.whl", hash = "sha256:a345928c86d535060c9c2b25e71e87c39ab2f22fc96e9636bd74d1dbf9de448c" },
    { url = "https://mirrors.aliyun.com/pypi/packages/a0/6e/0c3bf90fae0e910c274db43304ebe25a6b391327f3f10b5dcc638c090795/scipy-1.15.3-cp310-cp310-macosx_12_0_arm64.whl", hash = "sha256:ad3432cb0f9ed87477a8d97f03b763fd1d57709f1bbde3c9369b1dff5503b253" },
    { url = "https://mirrors.aliyun.com/pypi/packages/ea/b1/4deb37252311c1acff7f101f6453f0440794f51b6eacb1aad4459a134081/scipy-1.15.3-cp310-cp310-macosx_14_0_arm64.whl", hash = "sha256:aef683a9ae6eb00728a542b796f52a5477b78252edede72b8327a886ab63293f" },
    { url = "https://mirrors.aliyun.com/pypi/packages/38/7d/f457626e3cd3c29b3a49ca115a304cebb8cc6f31b04678f03b216899d3c6/scipy-1.15.3-cp310-cp310-macosx_14_0_x86_64.whl", hash = "sha256:1c832e1bd78dea67d5c16f786681b28dd695a8cb1fb90af2e27580d3d0967e92" },
    { url = "https://mirrors.aliyun.com/pypi/packages/db/0a/92b1de4a7adc7a15dcf5bddc6e191f6f29ee663b30511ce20467ef9b82e4/scipy-1.15.3-cp310-cp310-manylinux_2_17_aarch64.manylinux2014_aarch64.whl", hash = "sha256:263961f658ce2165bbd7b99fa5135195c3a12d9bef045345016b8b50c315cb82" },
    { url = "https://mirrors.aliyun.com/pypi/packages/8e/6d/41991e503e51fc1134502694c5fa7a1671501a17ffa12716a4a9151af3df/scipy-1.15.3-cp310-cp310-manylinux_2_17_x86_64.manylinux2014_x86_64.whl", hash = "sha256:9e2abc762b0811e09a0d3258abee2d98e0c703eee49464ce0069590846f31d40" },
    { url = "https://mirrors.aliyun.com/pypi/packages/25/e1/3df8f83cb15f3500478c889be8fb18700813b95e9e087328230b98d547ff/scipy-1.15.3-cp310-cp310-musllinux_1_2_aarch64.whl", hash = "sha256:ed7284b21a7a0c8f1b6e5977ac05396c0d008b89e05498c8b7e8f4a1423bba0e" },
    { url = "https://mirrors.aliyun.com/pypi/packages/93/3e/b3257cf446f2a3533ed7809757039016b74cd6f38271de91682aa844cfc5/scipy-1.15.3-cp310-cp310-musllinux_1_2_x86_64.whl", hash = "sha256:5380741e53df2c566f4d234b100a484b420af85deb39ea35a1cc1be84ff53a5c" },
    { url = "https://mirrors.aliyun.com/pypi/packages/d1/84/55bc4881973d3f79b479a5a2e2df61c8c9a04fcb986a213ac9c02cfb659b/scipy-1.15.3-cp310-cp310-win_amd64.whl", hash = "sha256:9d61e97b186a57350f6d6fd72640f9e99d5a4a2b8fbf4b9ee9a841eab327dc13" },
]

[[package]]
name = "six"
version = "1.17.0"
source = { registry = "https://mirrors.aliyun.com/pypi/simple" }
sdist = { url = "https://mirrors.aliyun.com/pypi/packages/94/e7/b2c673351809dca68a0e064b6af791aa332cf192da575fd474ed7d6f16a2/six-1.17.0.tar.gz", hash = "sha256:ff70335d468e7eb6ec65b95b99d3a2836546063f63acc5171de367e834932a81" }
wheels = [
    { url = "https://mirrors.aliyun.com/pypi/packages/b7/ce/149a00dd41f10bc29e5921b496af8b574d8413afcd5e30dfa0ed46c2cc5e/six-1.17.0-py2.py3-none-any.whl", hash = "sha256:4721f391ed90541fddacab5acf947aa0d3dc7d27b2e1e8eda2be8970586c3274" },
]

[[package]]
name = "trop-nwm"
version = "0.1.0"
source = { editable = "." }
dependencies = [
    { name = "joblib" },
    { name = "netcdf4", version = "1.7.3", source = { registry = "https://mirrors.aliyun.com/pypi/simple" }, marker = "platform_machine == 'ARM64' and sys_platform == 'win32'" },
    { name = "netcdf4", version = "1.7.4", source = { registry = "https://mirrors.aliyun.com/pypi/simple" }, marker = "platform_machine != 'ARM64' or sys_platform != 'win32'" },
    { name = "numpy" },
    { name = "rich" },
    { name = "scipy" },
    { name = "xarray" },
]

[package.dev-dependencies]
dev = [
    { name = "pyarrow" },
]

[package.metadata]
requires-dist = [
    { name = "joblib", specifier = ">=1.0.0" },
    { name = "netcdf4", specifier = ">=1.6.0" },
    { name = "numpy", specifier = ">=1.22.0" },
    { name = "rich", specifier = ">=10.0.0" },
    { name = "scipy", specifier = ">=1.12.0" },
    { name = "xarray", specifier = ">=2022.3.0" },
]

[package.metadata.requires-dev]
dev = [{ name = "pyarrow", specifier = ">=23.0.1" }]

[[package]]
name = "tzdata"
version = "2025.2"
source = { registry = "https://mirrors.aliyun.com/pypi/simple" }
sdist = { url = "https://mirrors.aliyun.com/pypi/packages/95/32/1a225d6164441be760d75c2c42e2780dc0873fe382da3e98a2e1e48361e5/tzdata-2025.2.tar.gz", hash = "sha256:b60a638fcc0daffadf82fe0f57e53d06bdec2f36c4df66280ae79bce6bd6f2b9" }
wheels = [
    { url = "https://mirrors.aliyun.com/pypi/packages/5c/23/c7abc0ca0a1526a0774eca151daeb8de62ec457e77262b66b359c3c7679e/tzdata-2025.2-py2.py3-none-any.whl", hash = "sha256:1a403fada01ff9221ca8044d701868fa132215d84beb92242d9acd2147f667a8" },
]

[[package]]
name = "xarray"
version = "2025.6.1"
source = { registry = "https://mirrors.aliyun.com/pypi/simple" }
dependencies = [
    { name = "numpy" },
    { name = "packaging" },
    { name = "pandas" },
]
sdist = { url = "https://mirrors.aliyun.com/pypi/packages/19/ec/e50d833518f10b0c24feb184b209bb6856f25b919ba8c1f89678b930b1cd/xarray-2025.6.1.tar.gz", hash = "sha256:a84f3f07544634a130d7dc615ae44175419f4c77957a7255161ed99c69c7c8b0" }
wheels = [
    { url = "https://mirrors.aliyun.com/pypi/packages/82/8a/6b50c1dd2260d407c1a499d47cf829f59f07007e0dcebafdabb24d1d26a5/xarray-2025.6.1-py3-none-any.whl", hash = "sha256:8b988b47f67a383bdc3b04c5db475cd165e580134c1f1943d52aee4a9c97651b" },
]
